<?xml version="1.0" encoding="utf-8"?>
<Project ToolsVersion="4.0" xmlns="http://schemas.microsoft.com/developer/msbuild/2003">
  <ItemGroup>
    <Filter Include="Pliki źródłowe">
      <UniqueIdentifier>{4FC737F1-C7A5-4376-A066-2A32D752A2FF}</UniqueIdentifier>
      <Extensions>cpp;c;cc;cxx;c++;cppm;ixx;def;odl;idl;hpj;bat;asm;asmx</Extensions>
    </Filter>
    <Filter Include="Pliki nagłówkowe">
      <UniqueIdentifier>{93995380-89BD-4b04-88EB-625FBE52EBFB}</UniqueIdentifier>
      <Extensions>h;hh;hpp;hxx;h++;hm;inl;inc;ipp;xsd</Extensions>
    </Filter>
    <Filter Include="Pliki zasobów">
      <UniqueIdentifier>{67DA6AB6-F800-4c08-8B7A-83BB121AAD01}</UniqueIdentifier>
      <Extensions>rc;ico;cur;bmp;dlg;rc2;rct;bin;rgs;gif;jpg;jpeg;jpe;resx;tiff;tif;png;wav;mfcribbon-ms</Extensions>
    </Filter>
    <Filter Include="Pliki źródłowe\Snake">
      <UniqueIdentifier>{d42601e9-d66b-48a9-941f-627a0e8a53de}</UniqueIdentifier>
    </Filter>
    <Filter Include="Pliki źródłowe\Map">
      <UniqueIdentifier>{b0a34db8-0f39-4bb1-9604-8c2cab39ec12}</UniqueIdentifier>
    </Filter>
    <Filter Include="Pliki nagłówkowe\Map">
      <UniqueIdentifier>{2f51fb30-de0d-49d3-8d39-d1f90fb32fec}</UniqueIdentifier>
    </Filter>
    <Filter Include="Pliki nagłówkowe\Snake">
      <UniqueIdentifier>{f5a01ffa-d04e-44c6-ba4e-880a11653ee7}</UniqueIdentifier>
    </Filter>
    <Filter Include="Pliki źródłowe\Apple">
      <UniqueIdentifier>{70243d1c-e8c6-4828-bb47-9dc539080f6c}</UniqueIdentifier>
    </Filter>
    <Filter Include="Pliki nagłówkowe\Apple">
      <UniqueIdentifier>{670485cd-3a26-4a54-bce8-f3ebdb3706e4}</UniqueIdentifier>
    </Filter>
  </ItemGroup>
  <ItemGroup>
    <ClCompile Include="main.cpp">
      <Filter>Pliki źródłowe</Filter>
    </ClCompile>
    <ClCompile Include="Snake.cpp">
      <Filter>Pliki źródłowe\Snake</Filter>
    </ClCompile>
    <ClCompile Include="Map.cpp">
      <Filter>Pliki źródłowe\Map</Filter>
    </ClCompile>
    <ClCompile Include="Apple.cpp">
      <Filter>Pliki źródłowe\Apple</Filter>
    </ClCompile>
    <ClCompile Include="Vector2Overload.cpp">
      <Filter>Pliki źródłowe</Filter>
    </ClCompile>
    <ClCompile Include="SnakeHead.cpp">
      <Filter>Pliki źródłowe\Snake</Filter>
    </ClCompile>
  </ItemGroup>
  <ItemGroup>
    <ClInclude Include="Map.h">
      <Filter>Pliki nagłówkowe\Map</Filter>
    </ClInclude>
    <ClInclude Include="Snake.h">
      <Filter>Pliki nagłówkowe\Snake</Filter>
    </ClInclude>
    <ClInclude Include="Apple.h">
      <Filter>Pliki nagłówkowe\Apple</Filter>
    </ClInclude>
    <ClInclude Include="Vector2Overload.h">
      <Filter>Pliki nagłówkowe</Filter>
    </ClInclude>
    <ClInclude Include="SnakeHead.h">
      <Filter>Pliki nagłówkowe\Snake</Filter>
    </ClInclude>
  </ItemGroup>
</Project>