
Microsoft Visual Studio Solution File, Format Version 12.00
# Visual Studio Version 16
VisualStudioVersion = 16.0.30621.155
MinimumVisualStudioVersion = 10.0.40219.1
Project("{8BC9CEB8-8B4A-11D0-8D11-00A0C91BC942}") = "SFML-snake", "SFML-snake.vcxproj", "{5205D4A8-7E2D-414F-A3A9-468DF5205798}"
EndProject
Global
	GlobalSection(SolutionConfigurationPlatforms) = preSolution
		Debug|x64 = Debug|x64
		Debug|x86 = Debug|x86
		Release|x64 = Release|x64
		Release|x86 = Release|x86
	EndGlobalSection
	GlobalSection(ProjectConfigurationPlatforms) = postSolution
		{5205D4A8-7E2D-414F-A3A9-468DF5205798}.Debug|x64.ActiveCfg = Debug|x64
		{5205D4A8-7E2D-414F-A3A9-468DF5205798}.Debug|x64.Build.0 = Debug|x64
		{5205D4A8-7E2D-414F-A3A9-468DF5205798}.Debug|x86.ActiveCfg = Debug|Win32
		{5205D4A8-7E2D-414F-A3A9-468DF5205798}.Debug|x86.Build.0 = Debug|Win32
		{5205D4A8-7E2D-414F-A3A9-468DF5205798}.Release|x64.ActiveCfg = Release|x64
		{5205D4A8-7E2D-414F-A3A9-468DF5205798}.Release|x64.Build.0 = Release|x64
		{5205D4A8-7E2D-414F-A3A9-468DF5205798}.Release|x86.ActiveCfg = Release|Win32
		{5205D4A8-7E2D-414F-A3A9-468DF5205798}.Release|x86.Build.0 = Release|Win32
	EndGlobalSection
	GlobalSection(SolutionProperties) = preSolution
		HideSolutionNode = FALSE
	EndGlobalSection
	GlobalSection(ExtensibilityGlobals) = postSolution
		SolutionGuid = {3446ABD7-3EC3-489B-9C39-C38725A1FC03}
	EndGlobalSection
EndGlobal
